{
  "projects": [
    {
      "projectId": "dUogsiK6TRssLNH9SokuDi",
      "version": "latest",
      "dependencies": {},
      "lang": "ts",
      "fileLocks": [
        {
          "type": "globalVariant",
          "assetId": "_GwfRdJeOnv5UF",
          "checksum": "2168ee286d8e8a03cdee30edf6dde75d"
        },
        {
          "type": "renderModule",
          "assetId": "ypVbGVtmS-9k_",
          "checksum": "185bb7b01397ccf2404dabf48435086f"
        },
        {
          "type": "cssRules",
          "assetId": "ypVbGVtmS-9k_",
          "checksum": "185bb7b01397ccf2404dabf48435086f"
        },
        {
          "type": "renderModule",
          "assetId": "hJQTjjKNw3Mh3",
          "checksum": "549f77e8ef307644413aa14541d3dfe4"
        },
        {
          "type": "cssRules",
          "assetId": "hJQTjjKNw3Mh3",
          "checksum": "549f77e8ef307644413aa14541d3dfe4"
        },
        {
          "type": "renderModule",
          "assetId": "yo25M4iqA_VNf",
          "checksum": "41925842bbbd782d740df3c57c5e0841"
        },
        {
          "type": "cssRules",
          "assetId": "yo25M4iqA_VNf",
          "checksum": "41925842bbbd782d740df3c57c5e0841"
        },
        {
          "type": "renderModule",
          "assetId": "0OtwdvXGHhRRX",
          "checksum": "8ed0b7ac4b8ab77536f3b881bed9ba68"
        },
        {
          "type": "cssRules",
          "assetId": "0OtwdvXGHhRRX",
          "checksum": "8ed0b7ac4b8ab77536f3b881bed9ba68"
        },
        {
          "type": "renderModule",
          "assetId": "Ce_KVVdS0JC1p6",
          "checksum": "7962bf9261161a5c46dec7fe116bcd03"
        },
        {
          "type": "cssRules",
          "assetId": "Ce_KVVdS0JC1p6",
          "checksum": "7962bf9261161a5c46dec7fe116bcd03"
        },
        {
          "type": "renderModule",
          "assetId": "Pe-91BBXaE0yxn",
          "checksum": "4939c4e06f32f3022fc40d6a12597a09"
        },
        {
          "type": "cssRules",
          "assetId": "Pe-91BBXaE0yxn",
          "checksum": "4939c4e06f32f3022fc40d6a12597a09"
        },
        {
          "type": "renderModule",
          "assetId": "PCHEJ0mkzdDHI0",
          "checksum": "cea56b3c56f70ca8b875417e772a1f73"
        },
        {
          "type": "cssRules",
          "assetId": "PCHEJ0mkzdDHI0",
          "checksum": "cea56b3c56f70ca8b875417e772a1f73"
        },
        {
          "type": "renderModule",
          "assetId": "aRwa1kCkcD_zFO",
          "checksum": "a143404c6694f69299455bd0f4443bc3"
        },
        {
          "type": "cssRules",
          "assetId": "aRwa1kCkcD_zFO",
          "checksum": "a143404c6694f69299455bd0f4443bc3"
        },
        {
          "type": "renderModule",
          "assetId": "ctIjKX1FVHjTZA",
          "checksum": "b57ee6b3f70e3cd1d3c50a0d9c698456"
        },
        {
          "type": "cssRules",
          "assetId": "ctIjKX1FVHjTZA",
          "checksum": "b57ee6b3f70e3cd1d3c50a0d9c698456"
        },
        {
          "type": "renderModule",
          "assetId": "r_hnanjW0pMX1Q",
          "checksum": "6b89fe4b027260d1636ae5f1180d2680"
        },
        {
          "type": "cssRules",
          "assetId": "r_hnanjW0pMX1Q",
          "checksum": "6b89fe4b027260d1636ae5f1180d2680"
        },
        {
          "type": "renderModule",
          "assetId": "oB-Qsbg5qI10S1",
          "checksum": "2a68b012f54e5d99eb9ecd54175531e7"
        },
        {
          "type": "cssRules",
          "assetId": "oB-Qsbg5qI10S1",
          "checksum": "2a68b012f54e5d99eb9ecd54175531e7"
        },
        {
          "type": "icon",
          "assetId": "j44gvaTQSCUmTf",
          "checksum": "7ea43048a4d67dfec3a104dc39837ff6"
        },
        {
          "type": "icon",
          "assetId": "mn8rkysglYz6t6",
          "checksum": "d6fdca4707d1bcd9c9fc3d7b08822f82"
        },
        {
          "type": "icon",
          "assetId": "KiF6m9mWLjvcwa",
          "checksum": "3456405d900d5bfffa3e72f62e4cc2ef"
        },
        {
          "type": "icon",
          "assetId": "vXqebRF9znIISc",
          "checksum": "9b263d6e6a9d28f5c56cda7c71ea1885"
        },
        {
          "type": "icon",
          "assetId": "tpJKAcS7AFpbjS",
          "checksum": "093f3a36d3680ac6f73cf40e20e75066"
        },
        {
          "type": "icon",
          "assetId": "Gty6V4opDvwhFw",
          "checksum": "bb5146b5f9ace5365a303d986a64619a"
        },
        {
          "type": "icon",
          "assetId": "G65opVTPncmhng",
          "checksum": "5355af014f4a3934adfdbd6fd68f28de"
        },
        {
          "type": "icon",
          "assetId": "EuIMX5jujNIM5n",
          "checksum": "b20b03087ab2b9d1b476a401a7962f1d"
        },
        {
          "type": "icon",
          "assetId": "pXj0cfQ-rt-9uf",
          "checksum": "115f171c70265d0f90194846cadcf21d"
        },
        {
          "type": "image",
          "assetId": "_CJf8DuJviPdnV",
          "checksum": "12952d11656479513cd6ccbe9e9c1d92"
        },
        {
          "type": "image",
          "assetId": "HCy6TZAw2sCAJG",
          "checksum": "fc044bd9346eaf8dfd499cf391cad41d"
        },
        {
          "type": "image",
          "assetId": "fVmdTUa5NUC-Y3",
          "checksum": "027029c23d142d8af5b7e45a13b8e13a"
        },
        {
          "type": "image",
          "assetId": "rcNQuNQuNJff8j",
          "checksum": "b7b47108d6da52eefc257415c8558c6f"
        },
        {
          "type": "image",
          "assetId": "a6YZUUtYFUj80k",
          "checksum": "08e8fa360b6a5136122f92dcee42d89d"
        },
        {
          "type": "image",
          "assetId": "r4Xijds61Lr5Yb",
          "checksum": "ac9d9d1442cfa53ad84761a5d2e60ec0"
        },
        {
          "type": "image",
          "assetId": "hx7GPG0sDjkVG1",
          "checksum": "d7ad963070700f09e4edb2a483c16ab3"
        },
        {
          "type": "image",
          "assetId": "zHCnmXDzjUzJZz",
          "checksum": "96ee5f1ced56199a42eda8b6be7a548d"
        },
        {
          "type": "image",
          "assetId": "8EbEJtO0b5sfQX",
          "checksum": "cd7933d5c33f1ef0737bdd9817114bb1"
        },
        {
          "type": "image",
          "assetId": "BxyCxmALJtITYu",
          "checksum": "f7afc37be41abe7c68a00273bfde5d88"
        },
        {
          "type": "image",
          "assetId": "PzejGfn7BVha96",
          "checksum": "1092b84c70d9009b0947946e60068e40"
        },
        {
          "type": "image",
          "assetId": "nmBDkrYZ5pF7TO",
          "checksum": "438037c30590fdf13668fc196afcef18"
        },
        {
          "type": "image",
          "assetId": "Ppt7Xlomxc07Vd",
          "checksum": "e5143e856b8d968448adfa3b38e9a5ba"
        },
        {
          "type": "image",
          "assetId": "STAxrFgR89GIAI",
          "checksum": "80efc747189c92ca3eccd1ca1d32c655"
        },
        {
          "type": "image",
          "assetId": "o5oM7ZRg5ON_UA",
          "checksum": "4074fb6e43eb2daf3557d072ba9c38e9"
        },
        {
          "type": "image",
          "assetId": "1wNccVA9FHUIiU",
          "checksum": "4659c2bf7b3d52495e4b51d504ad6dc8"
        },
        {
          "type": "image",
          "assetId": "OD72BrPptiPjtf",
          "checksum": "d230a9a54cf4d6d0f2b9513409e3c286"
        },
        {
          "type": "image",
          "assetId": "-ipSoC99NsWj3r",
          "checksum": "90af40fd8e5114856c31d22f98ab9b56"
        },
        {
          "type": "image",
          "assetId": "aQQiJN4UQfBi-T",
          "checksum": "56e69d01719c035cf6f40b9a21d8d465"
        },
        {
          "type": "image",
          "assetId": "YhjK08MhQYk-UZ",
          "checksum": "a8b6e6ce26bd706cc1bc422a4afa3c88"
        },
        {
          "type": "image",
          "assetId": "JCEyz7DBDnMa-s",
          "checksum": "789bc34b79fd52414ce4c75c1b8fffc7"
        },
        {
          "type": "image",
          "assetId": "WOOG4hgacP2XqY",
          "checksum": "41d736b008a9aacc8d2f9c78fbc1e4ec"
        },
        {
          "type": "image",
          "assetId": "nQb9itwQ799x5U",
          "checksum": "560c0bc17283a59df905c66f0fd351c0"
        },
        {
          "type": "image",
          "assetId": "4a_aXv8dh1GPiD",
          "checksum": "4329dfacd788f2ee265b48ced9816f5d"
        },
        {
          "type": "image",
          "assetId": "BbrdQ5pkMEvLfq",
          "checksum": "db3563098067c07e412f5183c7b1e192"
        },
        {
          "type": "image",
          "assetId": "yr15hpdCPZXk5J",
          "checksum": "70fc495de5dd36913f582b3689f3e8d7"
        },
        {
          "type": "image",
          "assetId": "3UpI-Ge3nykcD0",
          "checksum": "8d44002155e247f8ef2e5ab25874e7ef"
        },
        {
          "type": "image",
          "assetId": "pava-QnrKlOEmt",
          "checksum": "592cb09deef67cec9e26ed687c584230"
        },
        {
          "type": "image",
          "assetId": "mWXdbnTsSRundf",
          "checksum": "585f3d88d19f8dab7f6e579d4f71e88d"
        },
        {
          "type": "image",
          "assetId": "rDEapKjKwwd-yp",
          "checksum": "c86bba8cc76fa194aa263d7947a5701f"
        },
        {
          "type": "image",
          "assetId": "GYu360upVObYQ3",
          "checksum": "0cf88dea0a149c7336a0b1fab185e56a"
        },
        {
          "type": "image",
          "assetId": "a6H7PwK3xW47oS",
          "checksum": "1de59103db50dc832c5563680f91a162"
        },
        {
          "type": "image",
          "assetId": "-D5VXH7tl98_t1",
          "checksum": "36a9568aab82820df5a954b55ec6a085"
        },
        {
          "type": "image",
          "assetId": "HZt-uHjePRtith",
          "checksum": "80c9e7bb67f16a17c97a43d916d29669"
        },
        {
          "type": "image",
          "assetId": "hRCTCH-AjOrs-_",
          "checksum": "74c8b7b22b3a075e16101d50f0f01ff5"
        },
        {
          "type": "image",
          "assetId": "TYMpzv--iDSSLD",
          "checksum": "4f5708e8c82c285d7439ba11572b2ffb"
        },
        {
          "type": "image",
          "assetId": "4o_UzTA2e",
          "checksum": "3f8403f2c34c87328b2a25c1a447d79a"
        },
        {
          "type": "image",
          "assetId": "sM2N4qzil",
          "checksum": "0d83568f5aba5335e2e9aa2b49268ebc"
        },
        {
          "type": "image",
          "assetId": "T9ITiZiR2",
          "checksum": "56ad150993a8ca700322bcb26f542197"
        },
        {
          "type": "image",
          "assetId": "UI9_lcUSm",
          "checksum": "2080ed018654d15129b4f4bf75ee8645"
        },
        {
          "assetId": "dUogsiK6TRssLNH9SokuDi",
          "type": "projectCss",
          "checksum": "21468c6dd5cca3d5fb3a961eaeee111f"
        },
        {
          "type": "image",
          "assetId": "OrBLBv_VD",
          "checksum": "8482788c9b21d34a53225b5aabf51772"
        },
        {
          "type": "image",
          "assetId": "6wXvlvkFt",
          "checksum": "646b5311366f47b8fc75005097c63007"
        },
        {
          "type": "image",
          "assetId": "wTZtzj384",
          "checksum": "4eebeb6999c8e22b6dc1cb3b232cd696"
        }
      ],
      "codegenVersion": "0.0.1"
    }
  ],
  "cliVersion": "0.1.186"
}
